
Microsoft Visual Studio Solution File, Format Version 9.00
# Visual Studio 2005
Project("{8BC9CEB8-8B4A-11D0-8D11-00A0C91BC942}") = "TAIDOU_HANTEI", "TAIDOU_HANTEI\TAIDOU_HANTEI.vcproj", "{A56D8370-2656-49D2-A642-8AA8E0E13EE1}"
EndProject
Global
	GlobalSection(SolutionConfigurationPlatforms) = preSolution
		Debug|Win32 = Debug|Win32
		Release|Win32 = Release|Win32
	EndGlobalSection
	GlobalSection(ProjectConfigurationPlatforms) = postSolution
		{A56D8370-2656-49D2-A642-8AA8E0E13EE1}.Debug|Win32.ActiveCfg = Debug|Win32
		{A56D8370-2656-49D2-A642-8AA8E0E13EE1}.Debug|Win32.Build.0 = Debug|Win32
		{A56D8370-2656-49D2-A642-8AA8E0E13EE1}.Release|Win32.ActiveCfg = Release|Win32
		{A56D8370-2656-49D2-A642-8AA8E0E13EE1}.Release|Win32.Build.0 = Release|Win32
	EndGlobalSection
	GlobalSection(SolutionProperties) = preSolution
		HideSolutionNode = FALSE
	EndGlobalSection
EndGlobal
